<?xml version="1.0" encoding="utf-8"?>
<Project ToolsVersion="4.0" xmlns="http://schemas.microsoft.com/developer/msbuild/2003">
  <ItemGroup>
    <Filter Include="Quelldateien">
      <UniqueIdentifier>{4FC737F1-C7A5-4376-A066-2A32D752A2FF}</UniqueIdentifier>
      <Extensions>cpp;c;cc;cxx;c++;cppm;ixx;def;odl;idl;hpj;bat;asm;asmx</Extensions>
    </Filter>
    <Filter Include="Ressourcendateien">
      <UniqueIdentifier>{67DA6AB6-F800-4c08-8B7A-83BB121AAD01}</UniqueIdentifier>
      <Extensions>rc;ico;cur;bmp;dlg;rc2;rct;bin;rgs;gif;jpg;jpeg;jpe;resx;tiff;tif;png;wav;mfcribbon-ms</Extensions>
    </Filter>
    <Filter Include="Components">
      <UniqueIdentifier>{93995380-89BD-4b04-88EB-625FBE52EBFB}</UniqueIdentifier>
      <Extensions>h;hh;hpp;hxx;h++;hm;inl;inc;ipp;xsd</Extensions>
    </Filter>
    <Filter Include="Components\include">
      <UniqueIdentifier>{8b730652-1680-4717-9aae-9e59a0207230}</UniqueIdentifier>
    </Filter>
    <Filter Include="Components\modules">
      <UniqueIdentifier>{fc94067c-47a9-4b3c-85e7-6a9db3dbfa46}</UniqueIdentifier>
    </Filter>
    <Filter Include="Components\utils">
      <UniqueIdentifier>{1fa11961-65ec-421d-bba9-ac39374ed1a0}</UniqueIdentifier>
    </Filter>
  </ItemGroup>
  <ItemGroup>
    <ClCompile Include="PineappleMusic.cpp">
      <Filter>Quelldateien</Filter>
    </ClCompile>
    <ClCompile Include="Components\utils\Hooking.cpp">
      <Filter>Components\utils</Filter>
    </ClCompile>
    <ClCompile Include="Components\modules\QuickPatch.cpp">
      <Filter>Components\modules</Filter>
    </ClCompile>
    <ClCompile Include="Components\utils\Utils.cpp">
      <Filter>Components\utils</Filter>
    </ClCompile>
  </ItemGroup>
  <ItemGroup>
    <ClInclude Include="Components\include\Include.hpp">
      <Filter>Components\include</Filter>
    </ClInclude>
    <ClInclude Include="Components\utils\Hooking.hpp">
      <Filter>Components\utils</Filter>
    </ClInclude>
    <ClInclude Include="Components\modules\QuickPatch.hpp">
      <Filter>Components\modules</Filter>
    </ClInclude>
    <ClInclude Include="Components\utils\Utils.hpp">
      <Filter>Components\utils</Filter>
    </ClInclude>
  </ItemGroup>
</Project>